
Microsoft Visual Studio Solution File, Format Version 12.00
# Visual Studio Version 16
VisualStudioVersion = 16.0.30621.155
MinimumVisualStudioVersion = 10.0.40219.1
Project("{FAE04EC0-301F-11D3-BF4B-00C04F79EFBC}") = "wild", "wild\wild.csproj", "{FC9436B3-991A-480D-A250-02B3A0ED77D3}"
EndProject
Global
	GlobalSection(SolutionConfigurationPlatforms) = preSolution
		Debug|Any CPU = Debug|Any CPU
		Release|Any CPU = Release|Any CPU
	EndGlobalSection
	GlobalSection(ProjectConfigurationPlatforms) = postSolution
		{FC9436B3-991A-480D-A250-02B3A0ED77D3}.Debug|Any CPU.ActiveCfg = Debug|Any CPU
		{FC9436B3-991A-480D-A250-02B3A0ED77D3}.Debug|Any CPU.Build.0 = Debug|Any CPU
		{FC9436B3-991A-480D-A250-02B3A0ED77D3}.Release|Any CPU.ActiveCfg = Release|Any CPU
		{FC9436B3-991A-480D-A250-02B3A0ED77D3}.Release|Any CPU.Build.0 = Release|Any CPU
	EndGlobalSection
	GlobalSection(SolutionProperties) = preSolution
		HideSolutionNode = FALSE
	EndGlobalSection
	GlobalSection(ExtensibilityGlobals) = postSolution
		SolutionGuid = {27605093-AFBA-4F38-B94A-725F8AAF15FC}
	EndGlobalSection
EndGlobal
